
Microsoft Visual Studio Solution File, Format Version 12.00
# Visual Studio Version 17
VisualStudioVersion = 17.11.35327.3
MinimumVisualStudioVersion = 10.0.40219.1
Project("{9A19103F-16F7-4668-BE54-9A1E7A4F7556}") = "SocializedTaskExecutor", "SocializedTaskExecutor.csproj", "{02E856C9-7BDB-450F-9C48-FA0A569D740A}"
EndProject
Project("{FAE04EC0-301F-11D3-BF4B-00C04F79EFBC}") = "SocializedTaskExecutorTests", "..\SocializedTaskExecutorTests\SocializedTaskExecutorTests.csproj", "{D071BE73-50B2-46C1-868C-E6BA284A5C24}"
EndProject
Global
	GlobalSection(SolutionConfigurationPlatforms) = preSolution
		Debug|Any CPU = Debug|Any CPU
		Release|Any CPU = Release|Any CPU
	EndGlobalSection
	GlobalSection(ProjectConfigurationPlatforms) = postSolution
		{02E856C9-7BDB-450F-9C48-FA0A569D740A}.Debug|Any CPU.ActiveCfg = Debug|Any CPU
		{02E856C9-7BDB-450F-9C48-FA0A569D740A}.Debug|Any CPU.Build.0 = Debug|Any CPU
		{02E856C9-7BDB-450F-9C48-FA0A569D740A}.Release|Any CPU.ActiveCfg = Release|Any CPU
		{02E856C9-7BDB-450F-9C48-FA0A569D740A}.Release|Any CPU.Build.0 = Release|Any CPU
		{D071BE73-50B2-46C1-868C-E6BA284A5C24}.Debug|Any CPU.ActiveCfg = Debug|Any CPU
		{D071BE73-50B2-46C1-868C-E6BA284A5C24}.Debug|Any CPU.Build.0 = Debug|Any CPU
		{D071BE73-50B2-46C1-868C-E6BA284A5C24}.Release|Any CPU.ActiveCfg = Release|Any CPU
		{D071BE73-50B2-46C1-868C-E6BA284A5C24}.Release|Any CPU.Build.0 = Release|Any CPU
	EndGlobalSection
	GlobalSection(SolutionProperties) = preSolution
		HideSolutionNode = FALSE
	EndGlobalSection
	GlobalSection(ExtensibilityGlobals) = postSolution
		SolutionGuid = {E95DB18B-52E6-42BC-AA7D-B9A081BDEBDA}
	EndGlobalSection
EndGlobal
