
Microsoft Visual Studio Solution File, Format Version 12.00
# Visual Studio Version 17
VisualStudioVersion = 17.11.35327.3
MinimumVisualStudioVersion = 10.0.40219.1
Project("{FAE04EC0-301F-11D3-BF4B-00C04F79EFBC}") = "Infrastructure", "Infrastructure.csproj", "{88093E44-0CD3-405A-8630-95AD0BE4F272}"
EndProject
Global
	GlobalSection(SolutionConfigurationPlatforms) = preSolution
		Debug|Any CPU = Debug|Any CPU
		Release|Any CPU = Release|Any CPU
	EndGlobalSection
	GlobalSection(ProjectConfigurationPlatforms) = postSolution
		{88093E44-0CD3-405A-8630-95AD0BE4F272}.Debug|Any CPU.ActiveCfg = Debug|Any CPU
		{88093E44-0CD3-405A-8630-95AD0BE4F272}.Debug|Any CPU.Build.0 = Debug|Any CPU
		{88093E44-0CD3-405A-8630-95AD0BE4F272}.Release|Any CPU.ActiveCfg = Release|Any CPU
		{88093E44-0CD3-405A-8630-95AD0BE4F272}.Release|Any CPU.Build.0 = Release|Any CPU
	EndGlobalSection
	GlobalSection(SolutionProperties) = preSolution
		HideSolutionNode = FALSE
	EndGlobalSection
	GlobalSection(ExtensibilityGlobals) = postSolution
		SolutionGuid = {C2E7E2DC-AEFB-4222-81B8-071921EBF7D5}
	EndGlobalSection
EndGlobal
