
Microsoft Visual Studio Solution File, Format Version 12.00
# Visual Studio Version 17
VisualStudioVersion = 17.11.35327.3
MinimumVisualStudioVersion = 10.0.40219.1
Project("{FAE04EC0-301F-11D3-BF4B-00C04F79EFBC}") = "SocializedPdfGenerator", "SocializedPdfGenerator.csproj", "{1A3C571F-EE93-4292-935E-62C368A09954}"
EndProject
Global
	GlobalSection(SolutionConfigurationPlatforms) = preSolution
		Debug|Any CPU = Debug|Any CPU
		Release|Any CPU = Release|Any CPU
	EndGlobalSection
	GlobalSection(ProjectConfigurationPlatforms) = postSolution
		{1A3C571F-EE93-4292-935E-62C368A09954}.Debug|Any CPU.ActiveCfg = Debug|Any CPU
		{1A3C571F-EE93-4292-935E-62C368A09954}.Debug|Any CPU.Build.0 = Debug|Any CPU
		{1A3C571F-EE93-4292-935E-62C368A09954}.Release|Any CPU.ActiveCfg = Release|Any CPU
		{1A3C571F-EE93-4292-935E-62C368A09954}.Release|Any CPU.Build.0 = Release|Any CPU
	EndGlobalSection
	GlobalSection(SolutionProperties) = preSolution
		HideSolutionNode = FALSE
	EndGlobalSection
	GlobalSection(ExtensibilityGlobals) = postSolution
		SolutionGuid = {C0A2192E-C9FF-467C-820B-7608C863175F}
	EndGlobalSection
EndGlobal
